// !$*UTF8*$!
{
	archiveVersion = 1;
	classes = {
	};
	objectVersion = 46;
	objects = {

/* Begin PBXBuildFile section */
		941651281CD1F2080046E0D1 /* OpenGL.framework in Frameworks */ = {isa = PBXBuildFile; fileRef = 941651271CD1F2080046E0D1 /* OpenGL.framework */; };
		9416512D1CD337BC0046E0D1 /* Texture.cpp in Sources */ = {isa = PBXBuildFile; fileRef = 9416512B1CD337BC0046E0D1 /* Texture.cpp */; };
		947395821CCF0C7800F7DE6D /* GameEngine.cpp in Sources */ = {isa = PBXBuildFile; fileRef = 947395801CCF0C7800F7DE6D /* GameEngine.cpp */; };
		94A7FA261CEB61EE00D7F555 /* SDL2_image.framework in Frameworks */ = {isa = PBXBuildFile; fileRef = 94A7FA251CEB61EE00D7F555 /* SDL2_image.framework */; };
		94DF0C641CCDAB2000F4BDB7 /* main.cpp in Sources */ = {isa = PBXBuildFile; fileRef = 94DF0C631CCDAB2000F4BDB7 /* main.cpp */; };
		94DF0C6B1CCDABF200F4BDB7 /* SDL2.framework in Frameworks */ = {isa = PBXBuildFile; fileRef = 94DF0C6A1CCDABF200F4BDB7 /* SDL2.framework */; };
/* End PBXBuildFile section */

/* Begin PBXCopyFilesBuildPhase section */
		94DF0C5E1CCDAB2000F4BDB7 /* CopyFiles */ = {
			isa = PBXCopyFilesBuildPhase;
			buildActionMask = 2147483647;
			dstPath = /usr/share/man/man1/;
			dstSubfolderSpec = 0;
			files = (
			);
			runOnlyForDeploymentPostprocessing = 1;
		};
/* End PBXCopyFilesBuildPhase section */

/* Begin PBXFileReference section */
		941651271CD1F2080046E0D1 /* OpenGL.framework */ = {isa = PBXFileReference; lastKnownFileType = wrapper.framework; name = OpenGL.framework; path = System/Library/Frameworks/OpenGL.framework; sourceTree = SDKROOT; };
		9416512B1CD337BC0046E0D1 /* Texture.cpp */ = {isa = PBXFileReference; fileEncoding = 4; lastKnownFileType = sourcecode.cpp.cpp; path = Texture.cpp; sourceTree = "<group>"; };
		9416512C1CD337BC0046E0D1 /* Texture.hpp */ = {isa = PBXFileReference; fileEncoding = 4; lastKnownFileType = sourcecode.cpp.h; path = Texture.hpp; sourceTree = "<group>"; };
		947395801CCF0C7800F7DE6D /* GameEngine.cpp */ = {isa = PBXFileReference; fileEncoding = 4; lastKnownFileType = sourcecode.cpp.cpp; path = GameEngine.cpp; sourceTree = "<group>"; };
		947395811CCF0C7800F7DE6D /* GameEngine.hpp */ = {isa = PBXFileReference; fileEncoding = 4; lastKnownFileType = sourcecode.cpp.h; path = GameEngine.hpp; sourceTree = "<group>"; };
		947395831CCF127300F7DE6D /* IUpdater.h */ = {isa = PBXFileReference; lastKnownFileType = sourcecode.c.h; path = IUpdater.h; sourceTree = "<group>"; };
		94A7FA251CEB61EE00D7F555 /* SDL2_image.framework */ = {isa = PBXFileReference; lastKnownFileType = wrapper.framework; name = SDL2_image.framework; path = Framework/SDL2_image.framework; sourceTree = "<group>"; };
		94DF0C601CCDAB2000F4BDB7 /* MatchGame */ = {isa = PBXFileReference; explicitFileType = "compiled.mach-o.executable"; includeInIndex = 0; path = MatchGame; sourceTree = BUILT_PRODUCTS_DIR; };
		94DF0C631CCDAB2000F4BDB7 /* main.cpp */ = {isa = PBXFileReference; lastKnownFileType = sourcecode.cpp.cpp; path = main.cpp; sourceTree = "<group>"; };
		94DF0C6A1CCDABF200F4BDB7 /* SDL2.framework */ = {isa = PBXFileReference; lastKnownFileType = wrapper.framework; name = SDL2.framework; path = Framework/SDL2.framework; sourceTree = "<group>"; };
/* End PBXFileReference section */

/* Begin PBXFrameworksBuildPhase section */
		94DF0C5D1CCDAB2000F4BDB7 /* Frameworks */ = {
			isa = PBXFrameworksBuildPhase;
			buildActionMask = 2147483647;
			files = (
				94A7FA261CEB61EE00D7F555 /* SDL2_image.framework in Frameworks */,
				941651281CD1F2080046E0D1 /* OpenGL.framework in Frameworks */,
				94DF0C6B1CCDABF200F4BDB7 /* SDL2.framework in Frameworks */,
			);
			runOnlyForDeploymentPostprocessing = 0;
		};
/* End PBXFrameworksBuildPhase section */

/* Begin PBXGroup section */
		94DF0C571CCDAB2000F4BDB7 = {
			isa = PBXGroup;
			children = (
				94A7FA251CEB61EE00D7F555 /* SDL2_image.framework */,
				941651271CD1F2080046E0D1 /* OpenGL.framework */,
				94DF0C6A1CCDABF200F4BDB7 /* SDL2.framework */,
				94DF0C621CCDAB2000F4BDB7 /* MatchGame */,
				94DF0C611CCDAB2000F4BDB7 /* Products */,
			);
			sourceTree = "<group>";
		};
		94DF0C611CCDAB2000F4BDB7 /* Products */ = {
			isa = PBXGroup;
			children = (
				94DF0C601CCDAB2000F4BDB7 /* MatchGame */,
			);
			name = Products;
			sourceTree = "<group>";
		};
		94DF0C621CCDAB2000F4BDB7 /* MatchGame */ = {
			isa = PBXGroup;
			children = (
				94DF0C6C1CCDADFC00F4BDB7 /* Engine */,
				94DF0C6D1CCDADFC00F4BDB7 /* Game */,
				94DF0C631CCDAB2000F4BDB7 /* main.cpp */,
			);
			path = MatchGame;
			sourceTree = "<group>";
		};
		94DF0C6C1CCDADFC00F4BDB7 /* Engine */ = {
			isa = PBXGroup;
			children = (
				947395801CCF0C7800F7DE6D /* GameEngine.cpp */,
				947395811CCF0C7800F7DE6D /* GameEngine.hpp */,
				947395831CCF127300F7DE6D /* IUpdater.h */,
				9416512B1CD337BC0046E0D1 /* Texture.cpp */,
				9416512C1CD337BC0046E0D1 /* Texture.hpp */,
			);
			path = Engine;
			sourceTree = "<group>";
		};
		94DF0C6D1CCDADFC00F4BDB7 /* Game */ = {
			isa = PBXGroup;
			children = (
			);
			path = Game;
			sourceTree = "<group>";
		};
/* End PBXGroup section */

/* Begin PBXNativeTarget section */
		94DF0C5F1CCDAB2000F4BDB7 /* MatchGame */ = {
			isa = PBXNativeTarget;
			buildConfigurationList = 94DF0C671CCDAB2000F4BDB7 /* Build configuration list for PBXNativeTarget "MatchGame" */;
			buildPhases = (
				94DF0C5C1CCDAB2000F4BDB7 /* Sources */,
				94DF0C5D1CCDAB2000F4BDB7 /* Frameworks */,
				94DF0C5E1CCDAB2000F4BDB7 /* CopyFiles */,
			);
			buildRules = (
			);
			dependencies = (
			);
			name = MatchGame;
			productName = MatchGame;
			productReference = 94DF0C601CCDAB2000F4BDB7 /* MatchGame */;
			productType = "com.apple.product-type.tool";
		};
/* End PBXNativeTarget section */

/* Begin PBXProject section */
		94DF0C581CCDAB2000F4BDB7 /* Project object */ = {
			isa = PBXProject;
			attributes = {
				LastUpgradeCheck = 0730;
				ORGANIZATIONNAME = "frank-yuan";
				TargetAttributes = {
					94DF0C5F1CCDAB2000F4BDB7 = {
						CreatedOnToolsVersion = 7.3;
					};
				};
			};
			buildConfigurationList = 94DF0C5B1CCDAB2000F4BDB7 /* Build configuration list for PBXProject "MatchGame" */;
			compatibilityVersion = "Xcode 3.2";
			developmentRegion = English;
			hasScannedForEncodings = 0;
			knownRegions = (
				en,
			);
			mainGroup = 94DF0C571CCDAB2000F4BDB7;
			productRefGroup = 94DF0C611CCDAB2000F4BDB7 /* Products */;
			projectDirPath = "";
			projectRoot = "";
			targets = (
				94DF0C5F1CCDAB2000F4BDB7 /* MatchGame */,
			);
		};
/* End PBXProject section */

/* Begin PBXSourcesBuildPhase section */
		94DF0C5C1CCDAB2000F4BDB7 /* Sources */ = {
			isa = PBXSourcesBuildPhase;
			buildActionMask = 2147483647;
			files = (
				9416512D1CD337BC0046E0D1 /* Texture.cpp in Sources */,
				94DF0C641CCDAB2000F4BDB7 /* main.cpp in Sources */,
				947395821CCF0C7800F7DE6D /* GameEngine.cpp in Sources */,
			);
			runOnlyForDeploymentPostprocessing = 0;
		};
/* End PBXSourcesBuildPhase section */

/* Begin XCBuildConfiguration section */
		94DF0C651CCDAB2000F4BDB7 /* Debug */ = {
			isa = XCBuildConfiguration;
			buildSettings = {
				ALWAYS_SEARCH_USER_PATHS = NO;
				CLANG_ANALYZER_NONNULL = YES;
				CLANG_CXX_LANGUAGE_STANDARD = "gnu++0x";
				CLANG_CXX_LIBRARY = "libc++";
				CLANG_ENABLE_MODULES = YES;
				CLANG_ENABLE_OBJC_ARC = YES;
				CLANG_WARN_BOOL_CONVERSION = YES;
				CLANG_WARN_CONSTANT_CONVERSION = YES;
				CLANG_WARN_DIRECT_OBJC_ISA_USAGE = YES_ERROR;
				CLANG_WARN_EMPTY_BODY = YES;
				CLANG_WARN_ENUM_CONVERSION = YES;
				CLANG_WARN_INT_CONVERSION = YES;
				CLANG_WARN_OBJC_ROOT_CLASS = YES_ERROR;
				CLANG_WARN_UNREACHABLE_CODE = YES;
				CLANG_WARN__DUPLICATE_METHOD_MATCH = YES;
				CODE_SIGN_IDENTITY = "-";
				COPY_PHASE_STRIP = NO;
				DEBUG_INFORMATION_FORMAT = dwarf;
				ENABLE_STRICT_OBJC_MSGSEND = YES;
				ENABLE_TESTABILITY = YES;
				GCC_C_LANGUAGE_STANDARD = gnu99;
				GCC_DYNAMIC_NO_PIC = NO;
				GCC_NO_COMMON_BLOCKS = YES;
				GCC_OPTIMIZATION_LEVEL = 0;
				GCC_PREPROCESSOR_DEFINITIONS = (
					"DEBUG=1",
					"$(inherited)",
				);
				GCC_WARN_64_TO_32_BIT_CONVERSION = YES;
				GCC_WARN_ABOUT_RETURN_TYPE = YES_ERROR;
				GCC_WARN_UNDECLARED_SELECTOR = YES;
				GCC_WARN_UNINITIALIZED_AUTOS = YES_AGGRESSIVE;
				GCC_WARN_UNUSED_FUNCTION = YES;
				GCC_WARN_UNUSED_VARIABLE = YES;
				MACOSX_DEPLOYMENT_TARGET = 10.11;
				MTL_ENABLE_DEBUG_INFO = YES;
				ONLY_ACTIVE_ARCH = YES;
				SDKROOT = macosx;
			};
			name = Debug;
		};
		94DF0C661CCDAB2000F4BDB7 /* Release */ = {
			isa = XCBuildConfiguration;
			buildSettings = {
				ALWAYS_SEARCH_USER_PATHS = NO;
				CLANG_ANALYZER_NONNULL = YES;
				CLANG_CXX_LANGUAGE_STANDARD = "gnu++0x";
				CLANG_CXX_LIBRARY = "libc++";
				CLANG_ENABLE_MODULES = YES;
				CLANG_ENABLE_OBJC_ARC = YES;
				CLANG_WARN_BOOL_CONVERSION = YES;
				CLANG_WARN_CONSTANT_CONVERSION = YES;
				CLANG_WARN_DIRECT_OBJC_ISA_USAGE = YES_ERROR;
				CLANG_WARN_EMPTY_BODY = YES;
				CLANG_WARN_ENUM_CONVERSION = YES;
				CLANG_WARN_INT_CONVERSION = YES;
				CLANG_WARN_OBJC_ROOT_CLASS = YES_ERROR;
				CLANG_WARN_UNREACHABLE_CODE = YES;
				CLANG_WARN__DUPLICATE_METHOD_MATCH = YES;
				CODE_SIGN_IDENTITY = "-";
				COPY_PHASE_STRIP = NO;
				DEBUG_INFORMATION_FORMAT = "dwarf-with-dsym";
				ENABLE_NS_ASSERTIONS = NO;
				ENABLE_STRICT_OBJC_MSGSEND = YES;
				GCC_C_LANGUAGE_STANDARD = gnu99;
				GCC_NO_COMMON_BLOCKS = YES;
				GCC_WARN_64_TO_32_BIT_CONVERSION = YES;
				GCC_WARN_ABOUT_RETURN_TYPE = YES_ERROR;
				GCC_WARN_UNDECLARED_SELECTOR = YES;
				GCC_WARN_UNINITIALIZED_AUTOS = YES_AGGRESSIVE;
				GCC_WARN_UNUSED_FUNCTION = YES;
				GCC_WARN_UNUSED_VARIABLE = YES;
				MACOSX_DEPLOYMENT_TARGET = 10.11;
				MTL_ENABLE_DEBUG_INFO = NO;
				SDKROOT = macosx;
			};
			name = Release;
		};
		94DF0C681CCDAB2000F4BDB7 /* Debug */ = {
			isa = XCBuildConfiguration;
			buildSettings = {
				FRAMEWORK_SEARCH_PATHS = (
					"$(inherited)",
					"$(PROJECT_DIR)/Framework",
				);
				PRODUCT_NAME = "$(TARGET_NAME)";
			};
			name = Debug;
		};
		94DF0C691CCDAB2000F4BDB7 /* Release */ = {
			isa = XCBuildConfiguration;
			buildSettings = {
				FRAMEWORK_SEARCH_PATHS = (
					"$(inherited)",
					"$(PROJECT_DIR)/Framework",
				);
				PRODUCT_NAME = "$(TARGET_NAME)";
			};
			name = Release;
		};
/* End XCBuildConfiguration section */

/* Begin XCConfigurationList section */
		94DF0C5B1CCDAB2000F4BDB7 /* Build configuration list for PBXProject "MatchGame" */ = {
			isa = XCConfigurationList;
			buildConfigurations = (
				94DF0C651CCDAB2000F4BDB7 /* Debug */,
				94DF0C661CCDAB2000F4BDB7 /* Release */,
			);
			defaultConfigurationIsVisible = 0;
			defaultConfigurationName = Release;
		};
		94DF0C671CCDAB2000F4BDB7 /* Build configuration list for PBXNativeTarget "MatchGame" */ = {
			isa = XCConfigurationList;
			buildConfigurations = (
				94DF0C681CCDAB2000F4BDB7 /* Debug */,
				94DF0C691CCDAB2000F4BDB7 /* Release */,
			);
			defaultConfigurationIsVisible = 0;
			defaultConfigurationName = Release;
		};
/* End XCConfigurationList section */
	};
	rootObject = 94DF0C581CCDAB2000F4BDB7 /* Project object */;
}
